# THIS IS AN AUTOGENERATED FILE. DO NOT EDIT THIS FILE DIRECTLY.
# yarn lockfile v1


"@popperjs/core@^2.9.0":
  version "2.11.6"
  resolved "https://registry.yarnpkg.com/@popperjs/core/-/core-2.11.6.tgz#cee20bd55e68a1720bdab363ecf0c821ded4cd45"
  integrity sha512-50/17A98tWUfQ176raKiOGXuYpLyyVMkxxG6oylzL3BPOlA6ADGdK7EYunSa4I064xerltq9TGXs8HmOk5E+vw==

"@tiptap/core@^2.0.0-beta.195":
  version "2.0.0-beta.195"
  resolved "https://registry.yarnpkg.com/@tiptap/core/-/core-2.0.0-beta.195.tgz#a64480e4dca1a9bc7aea3be4acccc71e535da4fe"
  integrity sha512-swKhXpNrvAAg3FphmUb5mR4Dz96cuTlv0HArAB+xB2m0FzLxy3QBPgLQyju4me6IJOrqJtBZ57trgF6JP+ZW0g==
  dependencies:
    prosemirror-commands "1.3.0"
    prosemirror-keymap "1.2.0"
    prosemirror-model "1.18.1"
    prosemirror-schema-list "1.2.0"
    prosemirror-state "1.4.1"
    prosemirror-transform "1.6.0"
    prosemirror-view "1.26.2"

"@tiptap/extension-blockquote@^2.0.0-beta.195":
  version "2.0.0-beta.195"
  resolved "https://registry.yarnpkg.com/@tiptap/extension-blockquote/-/extension-blockquote-2.0.0-beta.195.tgz#ac4188eca06e9596af1c5393efa74e529464bfeb"
  integrity sha512-vPVWahbyap46W0O892ejZ5v4+X8i8lKtuxC+50QBeQWZBtqgxkwAeMmJTN3Oh+Y1fngoJFoprRgLHol0BHBE+Q==

"@tiptap/extension-bold@^2.0.0-beta.195":
  version "2.0.0-beta.195"
  resolved "https://registry.yarnpkg.com/@tiptap/extension-bold/-/extension-bold-2.0.0-beta.195.tgz#aa7c88860d825b0460ce38d73ea2546717f16fc8"
  integrity sha512-LD1xd5B0VYQ+6rmeb7weSziPcTcKlSGTftU7sEfR02LgDfkI4qEN/Km6madNVItwO++qceCIaDfVazRSGfZU3A==

"@tiptap/extension-bubble-menu@^2.0.0-beta.195":
  version "2.0.0-beta.195"
  resolved "https://registry.yarnpkg.com/@tiptap/extension-bubble-menu/-/extension-bubble-menu-2.0.0-beta.195.tgz#9d2840d93ac3097bd627fa0a354c09289693b53d"
  integrity sha512-c255QZCGylFAtZrF56Qsh0FB88OjnVIM/xohgs+PSWZN8h0aR1GIa6V6/cJDIxw4hbarI/7zi+GOraQRbvbzIA==
  dependencies:
    prosemirror-state "1.4.1"
    prosemirror-view "1.26.2"
    tippy.js "^6.3.7"

"@tiptap/extension-bullet-list@^2.0.0-beta.195":
  version "2.0.0-beta.195"
  resolved "https://registry.yarnpkg.com/@tiptap/extension-bullet-list/-/extension-bullet-list-2.0.0-beta.195.tgz#fa67e34b84304dad94f9d259ae843b8244b8a99e"
  integrity sha512-vIlUUaVVVBavlSSUT/kFF1G8yHRbIHlGEPYH0MICiIEaMHk0PZsg2WZjg+iOP7SsBRNI7k7iLSx73jA2+D/RpA==

"@tiptap/extension-code-block@^2.0.0-beta.195":
  version "2.0.0-beta.195"
  resolved "https://registry.yarnpkg.com/@tiptap/extension-code-block/-/extension-code-block-2.0.0-beta.195.tgz#ec6accfa46b7a30a3a1edc82a996058b0fad260f"
  integrity sha512-SUcxeBbvp5bu2eW59GTi5B2aMneLazEFUhUlYNyVp2vdsiPTyUekTs+qI9MHwdJt477e4joAGJGoqktrLQepVg==
  dependencies:
    prosemirror-state "1.4.1"

"@tiptap/extension-code@^2.0.0-beta.195":
  version "2.0.0-beta.195"
  resolved "https://registry.yarnpkg.com/@tiptap/extension-code/-/extension-code-2.0.0-beta.195.tgz#8b3450cb16c993e464dbd13719533af927f03b49"
  integrity sha512-5KEjI32ysGetrtrE6A6WjQm3YR+aSfZnCkatpLKXtlXXLP+G1y42w7+j06v4wvOAor3rfqGZjiyFHxx/fBuFog==

"@tiptap/extension-document@^2.0.0-beta.195":
  version "2.0.0-beta.195"
  resolved "https://registry.yarnpkg.com/@tiptap/extension-document/-/extension-document-2.0.0-beta.195.tgz#213f91a981e258091396dbe090ccdce9ec31efb6"
  integrity sha512-0LSOYXBQhjKZO0Ucdk7CZXR9Q0nd0V7Vt70ppb48UamqQGINjaQWOYQ2gzjdNRtmMsDw/YSBy/evDhLaqDeT1A==

"@tiptap/extension-dropcursor@^2.0.0-beta.195":
  version "2.0.0-beta.195"
  resolved "https://registry.yarnpkg.com/@tiptap/extension-dropcursor/-/extension-dropcursor-2.0.0-beta.195.tgz#6ea9104103f8f68374c0749fb80cdb8edaa3e18b"
  integrity sha512-Dd84daHPJ2nn15gEf7n4dDEDCTCOGfaZr7dA7lXhJz8P5OU2gQ1tboSPDxPPzwbnSJ3C4U+zngfVA1ZsbO7ARQ==
  dependencies:
    prosemirror-dropcursor "1.5.0"

"@tiptap/extension-floating-menu@^2.0.0-beta.195":
  version "2.0.0-beta.195"
  resolved "https://registry.yarnpkg.com/@tiptap/extension-floating-menu/-/extension-floating-menu-2.0.0-beta.195.tgz#8ae1c1390413342591579088f4f9c4d3c038a18f"
  integrity sha512-Edc0Cq02Y4HnI0gGJOBR8ZHNoLuTPRWTMxTaQt7fQchdx3bnNlxDw1X0R8hTD+esuGt085aHQjdRywTIsGKjdA==
  dependencies:
    prosemirror-state "1.4.1"
    prosemirror-view "1.26.2"
    tippy.js "^6.3.7"

"@tiptap/extension-gapcursor@^2.0.0-beta.195":
  version "2.0.0-beta.195"
  resolved "https://registry.yarnpkg.com/@tiptap/extension-gapcursor/-/extension-gapcursor-2.0.0-beta.195.tgz#8103308003fe74702f39c06670ccba96e688e1d5"
  integrity sha512-e00fHxbA1TPYnpO6zHXyhzBefz93nZRyAi8N1/w2kXXB7rCRYMLhnSEAky29CLk+3H1xERdH7dfQYtRZke+CGA==
  dependencies:
    prosemirror-gapcursor "1.3.0"

"@tiptap/extension-hard-break@^2.0.0-beta.195":
  version "2.0.0-beta.195"
  resolved "https://registry.yarnpkg.com/@tiptap/extension-hard-break/-/extension-hard-break-2.0.0-beta.195.tgz#02089b0e7fbd4c8faf5ccdd249a1401690503ca1"
  integrity sha512-hLfv52wlrHDcgF3KMyl2CCYehZSVRydHp4wrqDByfut/M+uqYGqHF1sbcEIj+F8u0cOg4WKLAeHfi1ISK7iTag==

"@tiptap/extension-heading@^2.0.0-beta.195":
  version "2.0.0-beta.195"
  resolved "https://registry.yarnpkg.com/@tiptap/extension-heading/-/extension-heading-2.0.0-beta.195.tgz#2326bcfefe6bf6287e24ce8d3a4f7b643ef2f90d"
  integrity sha512-9nvsrmcSvWxPNLwc4Tp0/Zm/HnggIziaiWQAMfZ84nGGlaO7EAI+n6R06m1g+iUo0r5s68fP7+bUkeg0ItAh6g==

"@tiptap/extension-history@^2.0.0-beta.195":
  version "2.0.0-beta.195"
  resolved "https://registry.yarnpkg.com/@tiptap/extension-history/-/extension-history-2.0.0-beta.195.tgz#3ced1c47e1bf588949e6ec0484679a95bef262e8"
  integrity sha512-MXxjsKFlKI0E2iAD4Ij902cIP+/+AngRXBfGH21+DxSUQtvfDf/4UWI2SLwRYk7Y7/5ySlVufuCxoMB2gMQmTA==
  dependencies:
    prosemirror-history "1.3.0"

"@tiptap/extension-horizontal-rule@^2.0.0-beta.195":
  version "2.0.0-beta.195"
  resolved "https://registry.yarnpkg.com/@tiptap/extension-horizontal-rule/-/extension-horizontal-rule-2.0.0-beta.195.tgz#82e4ef9548bbe4c509b82bf9983fd3b44b685374"
  integrity sha512-oAcXw7ht7gRBfolHbb0/aSUdYjNlpA+t+hO1YhjDKJnMldrNvaJzipg9zR8TLB/m9hIhJXjxlJ40cDniwsUrcg==
  dependencies:
    prosemirror-state "1.4.1"

"@tiptap/extension-italic@^2.0.0-beta.195":
  version "2.0.0-beta.195"
  resolved "https://registry.yarnpkg.com/@tiptap/extension-italic/-/extension-italic-2.0.0-beta.195.tgz#2601ebdc68e6bfd9de9d842e749f8190c48f4f1c"
  integrity sha512-SQUUR4kmvD0OserEXuuVxi1it1VS2Rpum0lreHbeORhS78SDzMxgLWpcoLhSylFP4i+kNPTuc2osDz23U9JY0w==

"@tiptap/extension-list-item@^2.0.0-beta.195":
  version "2.0.0-beta.195"
  resolved "https://registry.yarnpkg.com/@tiptap/extension-list-item/-/extension-list-item-2.0.0-beta.195.tgz#4382e0a05f2184f06ad932fd3974dd213f002d08"
  integrity sha512-6bxPpzufzr/BOd3XX9T6qfvzeXNLCetdmevstuNtce3PACisdsWSJ6mIUl8SuyOaE3rWFYb3eEuKjbpwr5f9Yw==

"@tiptap/extension-ordered-list@^2.0.0-beta.195":
  version "2.0.0-beta.195"
  resolved "https://registry.yarnpkg.com/@tiptap/extension-ordered-list/-/extension-ordered-list-2.0.0-beta.195.tgz#980fa6de3c17bb075ef8b179a92bde1dec7c4615"
  integrity sha512-rYxEY02kTusyZsIurWrO0hqv6rlu2Zlojfd/ZU0kT/gegfAkM/ca6csvCRuiBGej2TnCHF13XliK2IinWqfx8Q==

"@tiptap/extension-paragraph@^2.0.0-beta.195":
  version "2.0.0-beta.195"
  resolved "https://registry.yarnpkg.com/@tiptap/extension-paragraph/-/extension-paragraph-2.0.0-beta.195.tgz#8d6357d1e3c930aa1ddbc07ed574f2651c6a7b64"
  integrity sha512-e6vde5O1SD/NuYB0B5juUyB4yLgEdPRe5ZzgLX4oRUdW90SgOGg6PQE1/MxvCmpB+SkrSpyykyjynfmXMrAwZg==

"@tiptap/extension-strike@^2.0.0-beta.195":
  version "2.0.0-beta.195"
  resolved "https://registry.yarnpkg.com/@tiptap/extension-strike/-/extension-strike-2.0.0-beta.195.tgz#8fddfe154d2d3f9014a0c56ee2f4c7b023ea4682"
  integrity sha512-9zxI4G/vEUrhY9R2C9A2q25tBnbZeHc1b6iq9k3RKZDmMyzeAUHiF6Bd4IzzieXfRnHW8i9tgC1XEldkAJL/0g==

"@tiptap/extension-text@^2.0.0-beta.195":
  version "2.0.0-beta.195"
  resolved "https://registry.yarnpkg.com/@tiptap/extension-text/-/extension-text-2.0.0-beta.195.tgz#c846f63cd73c8602950e6dcbfab84cb2fa3be9cf"
  integrity sha512-EjWCfKFlRhmnk27K/XE9ecS9L60JXtgY+ePIi3PGerQ2KQBAoglB4WYR28wPPnN/dVCx/Q9l+PHhFrdWIxv5bQ==

"@tiptap/react@^2.0.0-beta.195":
  version "2.0.0-beta.195"
  resolved "https://registry.yarnpkg.com/@tiptap/react/-/react-2.0.0-beta.195.tgz#79510560363f9417e7b26fa9cbded057f015b56f"
  integrity sha512-hEtAHn8uG5paUPxwhBQA+E8+mH0Jctapv43ZdgMsnYS5aWJFzoGkRf7YQ0Ma9q9Nl3CJcWv+I8HB92B/lCnq2A==
  dependencies:
    "@tiptap/extension-bubble-menu" "^2.0.0-beta.195"
    "@tiptap/extension-floating-menu" "^2.0.0-beta.195"
    prosemirror-view "1.26.2"

"@tiptap/starter-kit@^2.0.0-beta.195":
  version "2.0.0-beta.195"
  resolved "https://registry.yarnpkg.com/@tiptap/starter-kit/-/starter-kit-2.0.0-beta.195.tgz#5a1a66f16d4386141867b004985504f60b245ea1"
  integrity sha512-c9klGmoeIYm7Lo2OE1OZse7ViNhZW1j7FTTCd1H0gmS1GyEMraE3r2PPgCAfwMdZFQ842FAlb/4E9a+rJEtjfQ==
  dependencies:
    "@tiptap/core" "^2.0.0-beta.195"
    "@tiptap/extension-blockquote" "^2.0.0-beta.195"
    "@tiptap/extension-bold" "^2.0.0-beta.195"
    "@tiptap/extension-bullet-list" "^2.0.0-beta.195"
    "@tiptap/extension-code" "^2.0.0-beta.195"
    "@tiptap/extension-code-block" "^2.0.0-beta.195"
    "@tiptap/extension-document" "^2.0.0-beta.195"
    "@tiptap/extension-dropcursor" "^2.0.0-beta.195"
    "@tiptap/extension-gapcursor" "^2.0.0-beta.195"
    "@tiptap/extension-hard-break" "^2.0.0-beta.195"
    "@tiptap/extension-heading" "^2.0.0-beta.195"
    "@tiptap/extension-history" "^2.0.0-beta.195"
    "@tiptap/extension-horizontal-rule" "^2.0.0-beta.195"
    "@tiptap/extension-italic" "^2.0.0-beta.195"
    "@tiptap/extension-list-item" "^2.0.0-beta.195"
    "@tiptap/extension-ordered-list" "^2.0.0-beta.195"
    "@tiptap/extension-paragraph" "^2.0.0-beta.195"
    "@tiptap/extension-strike" "^2.0.0-beta.195"
    "@tiptap/extension-text" "^2.0.0-beta.195"

orderedmap@^2.0.0:
  version "2.0.0"
  resolved "https://registry.yarnpkg.com/orderedmap/-/orderedmap-2.0.0.tgz#12ff5ef6ea9d12d6430b80c701b35475e1c9ff34"
  integrity sha512-buf4PoAMlh45b8a8gsGy/X6w279TSqkyAS0C0wdTSJwFSU+ljQFJON5I8NfjLHoCXwpSROIo2wr0g33T+kQshQ==

prosemirror-commands@1.3.0:
  version "1.3.0"
  resolved "https://registry.yarnpkg.com/prosemirror-commands/-/prosemirror-commands-1.3.0.tgz#361b2e2b2a347ce7453386459f97c3f549a1113b"
  integrity sha512-BwBbZ5OAScPcm0x7H8SPbqjuEJnCU2RJT9LDyOiiIl/3NbL1nJZI4SFNHwU2e/tRr2Xe7JsptpzseqvZvToLBQ==
  dependencies:
    prosemirror-model "^1.0.0"
    prosemirror-state "^1.0.0"
    prosemirror-transform "^1.0.0"

prosemirror-dropcursor@1.5.0:
  version "1.5.0"
  resolved "https://registry.yarnpkg.com/prosemirror-dropcursor/-/prosemirror-dropcursor-1.5.0.tgz#edbc61d6f71f9f924130eec8e85b0861357957c9"
  integrity sha512-vy7i77ddKyXlu8kKBB3nlxLBnsWyKUmQIPB5x8RkYNh01QNp/qqGmdd5yZefJs0s3rtv5r7Izfu2qbtr+tYAMQ==
  dependencies:
    prosemirror-state "^1.0.0"
    prosemirror-transform "^1.1.0"
    prosemirror-view "^1.1.0"

prosemirror-gapcursor@1.3.0:
  version "1.3.0"
  resolved "https://registry.yarnpkg.com/prosemirror-gapcursor/-/prosemirror-gapcursor-1.3.0.tgz#e07c22ad959b86ec0c4cfc590cc5f484dd984d56"
  integrity sha512-9Tdx83xB2W4Oqchm12FtCkSizbqvi64cjs1I9TRPblqdA5TUWoVZ4ZI+t71Jh6HSEh4cDMPzx3UwfryJtKlb/w==
  dependencies:
    prosemirror-keymap "^1.0.0"
    prosemirror-model "^1.0.0"
    prosemirror-state "^1.0.0"
    prosemirror-view "^1.0.0"

prosemirror-history@1.3.0:
  version "1.3.0"
  resolved "https://registry.yarnpkg.com/prosemirror-history/-/prosemirror-history-1.3.0.tgz#bf5a1ff7759aca759ddf0c722c2fa5b14fb0ddc1"
  integrity sha512-qo/9Wn4B/Bq89/YD+eNWFbAytu6dmIM85EhID+fz9Jcl9+DfGEo8TTSrRhP15+fFEoaPqpHSxlvSzSEbmlxlUA==
  dependencies:
    prosemirror-state "^1.2.2"
    prosemirror-transform "^1.0.0"
    rope-sequence "^1.3.0"

prosemirror-keymap@1.2.0, prosemirror-keymap@^1.0.0:
  version "1.2.0"
  resolved "https://registry.yarnpkg.com/prosemirror-keymap/-/prosemirror-keymap-1.2.0.tgz#d5cc9da9b712020690a994b50b92a0e448a60bf5"
  integrity sha512-TdSfu+YyLDd54ufN/ZeD1VtBRYpgZnTPnnbY+4R08DDgs84KrIPEPbJL8t1Lm2dkljFx6xeBE26YWH3aIzkPKg==
  dependencies:
    prosemirror-state "^1.0.0"
    w3c-keyname "^2.2.0"

prosemirror-model@1.18.1, prosemirror-model@^1.0.0, prosemirror-model@^1.16.0:
  version "1.18.1"
  resolved "https://registry.yarnpkg.com/prosemirror-model/-/prosemirror-model-1.18.1.tgz#1d5d6b6de7b983ee67a479dc607165fdef3935bd"
  integrity sha512-IxSVBKAEMjD7s3n8cgtwMlxAXZrC7Mlag7zYsAKDndAqnDScvSmp/UdnRTV/B33lTCVU3CCm7dyAn/rVVD0mcw==
  dependencies:
    orderedmap "^2.0.0"

prosemirror-schema-list@1.2.0:
  version "1.2.0"
  resolved "https://registry.yarnpkg.com/prosemirror-schema-list/-/prosemirror-schema-list-1.2.0.tgz#1932268593a7396c0ac168cbe31f28187406ce24"
  integrity sha512-8PT/9xOx1HHdC7fDNNfhQ50Z8Mzu7nKyA1KCDltSpcZVZIbB0k7KtsHrnXyuIhbLlScoymBiLZ00c5MH6wdFsA==
  dependencies:
    prosemirror-model "^1.0.0"
    prosemirror-state "^1.0.0"
    prosemirror-transform "^1.0.0"

prosemirror-state@1.4.1, prosemirror-state@^1.0.0, prosemirror-state@^1.2.2:
  version "1.4.1"
  resolved "https://registry.yarnpkg.com/prosemirror-state/-/prosemirror-state-1.4.1.tgz#f6e26c7b6a7e11206176689eb6ebbf91870953e1"
  integrity sha512-U/LBDW2gNmVa07sz/D229XigSdDQ5CLFwVB1Vb32MJbAHHhWe/6pOc721faI17tqw4pZ49i1xfY/jEZ9tbIhPg==
  dependencies:
    prosemirror-model "^1.0.0"
    prosemirror-transform "^1.0.0"

prosemirror-transform@1.6.0:
  version "1.6.0"
  resolved "https://registry.yarnpkg.com/prosemirror-transform/-/prosemirror-transform-1.6.0.tgz#8162dbfaf124f9253a7ab28605a9460411a96a53"
  integrity sha512-MAp7AjsjEGEqQY0sSMufNIUuEyB1ZR9Fqlm8dTwwWwpEJRv/plsKjWXBbx52q3Ml8MtaMcd7ic14zAHVB3WaMw==
  dependencies:
    prosemirror-model "^1.0.0"

prosemirror-transform@^1.0.0, prosemirror-transform@^1.1.0:
  version "1.7.0"
  resolved "https://registry.yarnpkg.com/prosemirror-transform/-/prosemirror-transform-1.7.0.tgz#a8a0768f3ee6418d26ebef435beda9d43c65e472"
  integrity sha512-O4T697Cqilw06Zvc3Wm+e237R6eZtJL/xGMliCi+Uo8VL6qHk6afz1qq0zNjT3eZMuYwnP8ZS0+YxX/tfcE9TQ==
  dependencies:
    prosemirror-model "^1.0.0"

prosemirror-view@1.26.2:
  version "1.26.2"
  resolved "https://registry.yarnpkg.com/prosemirror-view/-/prosemirror-view-1.26.2.tgz#e673894ecf26aea330b727622d561c51b41d31eb"
  integrity sha512-CGKw+GadkfSBEwRAJTHCEKJ4DlV6/3IhAdjpwGyZHUHtbP7jX4Ol4zmi7xa2c6GOabDlIJLYXJydoNYLX7lNeQ==
  dependencies:
    prosemirror-model "^1.16.0"
    prosemirror-state "^1.0.0"
    prosemirror-transform "^1.1.0"

prosemirror-view@^1.0.0, prosemirror-view@^1.1.0:
  version "1.28.0"
  resolved "https://registry.yarnpkg.com/prosemirror-view/-/prosemirror-view-1.28.0.tgz#d7ebdda7cf44b2b2c0b795a7546aef0f71b50c76"
  integrity sha512-cmFK9osE7WAQptye6o/I5LjURZkSF4z3H7+LZmQtpJDZ9x4X/Z9v85oOeDvfRiX/J2rsaRYbEkWWbu3l9eBsdQ==
  dependencies:
    prosemirror-model "^1.16.0"
    prosemirror-state "^1.0.0"
    prosemirror-transform "^1.1.0"

rope-sequence@^1.3.0:
  version "1.3.3"
  resolved "https://registry.yarnpkg.com/rope-sequence/-/rope-sequence-1.3.3.tgz#3f67fc106288b84b71532b4a5fd9d4881e4457f0"
  integrity sha512-85aZYCxweiD5J8yTEbw+E6A27zSnLPNDL0WfPdw3YYodq7WjnTKo0q4dtyQ2gz23iPT8Q9CUyJtAaUNcTxRf5Q==

tippy.js@^6.3.7:
  version "6.3.7"
  resolved "https://registry.yarnpkg.com/tippy.js/-/tippy.js-6.3.7.tgz#8ccfb651d642010ed9a32ff29b0e9e19c5b8c61c"
  integrity sha512-E1d3oP2emgJ9dRQZdf3Kkn0qJgI6ZLpyS5z6ZkY1DF3kaQaBsGZsndEpHwx+eC+tYM41HaSNvNtLx8tU57FzTQ==
  dependencies:
    "@popperjs/core" "^2.9.0"

w3c-keyname@^2.2.0:
  version "2.2.6"
  resolved "https://registry.yarnpkg.com/w3c-keyname/-/w3c-keyname-2.2.6.tgz#8412046116bc16c5d73d4e612053ea10a189c85f"
  integrity sha512-f+fciywl1SJEniZHD6H+kUO8gOnwIr7f4ijKA6+ZvJFjeGi1r4PDLl53Ayud9O/rk64RqgoQine0feoeOU0kXg==
